
Microsoft Visual Studio Solution File, Format Version 12.00
# Visual Studio Version 17
VisualStudioVersion = 17.0.31903.59
MinimumVisualStudioVersion = 10.0.40219.1
Project("{9A19103F-16F7-4668-BE54-9A1E7A4F7556}") = "PuzzleConsole", "PuzzleConsole\PuzzleConsole.csproj", "{B95B438F-2C5B-4DD0-9BDD-0259F678B66B}"
EndProject
Project("{9A19103F-16F7-4668-BE54-9A1E7A4F7556}") = "PuzzleConsole.test", "PuzzleConsole.test\PuzzleConsole.test.csproj", "{BE172193-5BED-49BF-89E5-A01F9E1A2245}"
EndProject
Project("{FAE04EC0-301F-11D3-BF4B-00C04F79EFBC}") = "AdventOfCode.Blazor", "AdventOfCode.Blazor\AdventOfCode.Blazor.csproj", "{E77C295D-A4AD-4ECD-9F71-7304686250F3}"
EndProject
Project("{FAE04EC0-301F-11D3-BF4B-00C04F79EFBC}") = "AdventOfCode.SourceGenerators", "AdventOfCode.SourceGenerators\AdventOfCode.SourceGenerators.csproj", "{066B7FD1-C424-454D-8011-22EA7267E575}"
EndProject
Global
	GlobalSection(SolutionConfigurationPlatforms) = preSolution
		Debug|Any CPU = Debug|Any CPU
		Debug|x64 = Debug|x64
		Debug|x86 = Debug|x86
		Release|Any CPU = Release|Any CPU
		Release|x64 = Release|x64
		Release|x86 = Release|x86
	EndGlobalSection
	GlobalSection(ProjectConfigurationPlatforms) = postSolution
		{B95B438F-2C5B-4DD0-9BDD-0259F678B66B}.Debug|Any CPU.ActiveCfg = Debug|Any CPU
		{B95B438F-2C5B-4DD0-9BDD-0259F678B66B}.Debug|Any CPU.Build.0 = Debug|Any CPU
		{B95B438F-2C5B-4DD0-9BDD-0259F678B66B}.Debug|x64.ActiveCfg = Debug|Any CPU
		{B95B438F-2C5B-4DD0-9BDD-0259F678B66B}.Debug|x64.Build.0 = Debug|Any CPU
		{B95B438F-2C5B-4DD0-9BDD-0259F678B66B}.Debug|x86.ActiveCfg = Debug|Any CPU
		{B95B438F-2C5B-4DD0-9BDD-0259F678B66B}.Debug|x86.Build.0 = Debug|Any CPU
		{B95B438F-2C5B-4DD0-9BDD-0259F678B66B}.Release|Any CPU.ActiveCfg = Release|Any CPU
		{B95B438F-2C5B-4DD0-9BDD-0259F678B66B}.Release|Any CPU.Build.0 = Release|Any CPU
		{B95B438F-2C5B-4DD0-9BDD-0259F678B66B}.Release|x64.ActiveCfg = Release|Any CPU
		{B95B438F-2C5B-4DD0-9BDD-0259F678B66B}.Release|x64.Build.0 = Release|Any CPU
		{B95B438F-2C5B-4DD0-9BDD-0259F678B66B}.Release|x86.ActiveCfg = Release|Any CPU
		{B95B438F-2C5B-4DD0-9BDD-0259F678B66B}.Release|x86.Build.0 = Release|Any CPU
		{BE172193-5BED-49BF-89E5-A01F9E1A2245}.Debug|Any CPU.ActiveCfg = Debug|Any CPU
		{BE172193-5BED-49BF-89E5-A01F9E1A2245}.Debug|Any CPU.Build.0 = Debug|Any CPU
		{BE172193-5BED-49BF-89E5-A01F9E1A2245}.Debug|x64.ActiveCfg = Debug|Any CPU
		{BE172193-5BED-49BF-89E5-A01F9E1A2245}.Debug|x64.Build.0 = Debug|Any CPU
		{BE172193-5BED-49BF-89E5-A01F9E1A2245}.Debug|x86.ActiveCfg = Debug|Any CPU
		{BE172193-5BED-49BF-89E5-A01F9E1A2245}.Debug|x86.Build.0 = Debug|Any CPU
		{BE172193-5BED-49BF-89E5-A01F9E1A2245}.Release|Any CPU.ActiveCfg = Release|Any CPU
		{BE172193-5BED-49BF-89E5-A01F9E1A2245}.Release|Any CPU.Build.0 = Release|Any CPU
		{BE172193-5BED-49BF-89E5-A01F9E1A2245}.Release|x64.ActiveCfg = Release|Any CPU
		{BE172193-5BED-49BF-89E5-A01F9E1A2245}.Release|x64.Build.0 = Release|Any CPU
		{BE172193-5BED-49BF-89E5-A01F9E1A2245}.Release|x86.ActiveCfg = Release|Any CPU
		{BE172193-5BED-49BF-89E5-A01F9E1A2245}.Release|x86.Build.0 = Release|Any CPU
		{E77C295D-A4AD-4ECD-9F71-7304686250F3}.Debug|Any CPU.ActiveCfg = Debug|Any CPU
		{E77C295D-A4AD-4ECD-9F71-7304686250F3}.Debug|Any CPU.Build.0 = Debug|Any CPU
		{E77C295D-A4AD-4ECD-9F71-7304686250F3}.Debug|x64.ActiveCfg = Debug|Any CPU
		{E77C295D-A4AD-4ECD-9F71-7304686250F3}.Debug|x64.Build.0 = Debug|Any CPU
		{E77C295D-A4AD-4ECD-9F71-7304686250F3}.Debug|x86.ActiveCfg = Debug|Any CPU
		{E77C295D-A4AD-4ECD-9F71-7304686250F3}.Debug|x86.Build.0 = Debug|Any CPU
		{E77C295D-A4AD-4ECD-9F71-7304686250F3}.Release|Any CPU.ActiveCfg = Release|Any CPU
		{E77C295D-A4AD-4ECD-9F71-7304686250F3}.Release|Any CPU.Build.0 = Release|Any CPU
		{E77C295D-A4AD-4ECD-9F71-7304686250F3}.Release|x64.ActiveCfg = Release|Any CPU
		{E77C295D-A4AD-4ECD-9F71-7304686250F3}.Release|x64.Build.0 = Release|Any CPU
		{E77C295D-A4AD-4ECD-9F71-7304686250F3}.Release|x86.ActiveCfg = Release|Any CPU
		{E77C295D-A4AD-4ECD-9F71-7304686250F3}.Release|x86.Build.0 = Release|Any CPU
		{066B7FD1-C424-454D-8011-22EA7267E575}.Debug|Any CPU.ActiveCfg = Debug|Any CPU
		{066B7FD1-C424-454D-8011-22EA7267E575}.Debug|Any CPU.Build.0 = Debug|Any CPU
		{066B7FD1-C424-454D-8011-22EA7267E575}.Debug|x64.ActiveCfg = Debug|Any CPU
		{066B7FD1-C424-454D-8011-22EA7267E575}.Debug|x64.Build.0 = Debug|Any CPU
		{066B7FD1-C424-454D-8011-22EA7267E575}.Debug|x86.ActiveCfg = Debug|Any CPU
		{066B7FD1-C424-454D-8011-22EA7267E575}.Debug|x86.Build.0 = Debug|Any CPU
		{066B7FD1-C424-454D-8011-22EA7267E575}.Release|Any CPU.ActiveCfg = Release|Any CPU
		{066B7FD1-C424-454D-8011-22EA7267E575}.Release|Any CPU.Build.0 = Release|Any CPU
		{066B7FD1-C424-454D-8011-22EA7267E575}.Release|x64.ActiveCfg = Release|Any CPU
		{066B7FD1-C424-454D-8011-22EA7267E575}.Release|x64.Build.0 = Release|Any CPU
		{066B7FD1-C424-454D-8011-22EA7267E575}.Release|x86.ActiveCfg = Release|Any CPU
		{066B7FD1-C424-454D-8011-22EA7267E575}.Release|x86.Build.0 = Release|Any CPU
	EndGlobalSection
	GlobalSection(SolutionProperties) = preSolution
		HideSolutionNode = FALSE
	EndGlobalSection
	GlobalSection(ExtensibilityGlobals) = postSolution
		SolutionGuid = {8EA30057-3FB4-442C-8139-F4884F133C1B}
	EndGlobalSection
EndGlobal
