
Microsoft Visual Studio Solution File, Format Version 12.00
# Visual Studio Version 17
VisualStudioVersion = 17.0.31903.59
MinimumVisualStudioVersion = 10.0.40219.1
Project("{9A19103F-16F7-4668-BE54-9A1E7A4F7556}") = "PuzzleConsole", "PuzzleConsole\PuzzleConsole.csproj", "{B95B438F-2C5B-4DD0-9BDD-0259F678B66B}"
EndProject
Project("{FAE04EC0-301F-11D3-BF4B-00C04F79EFBC}") = "AdventOfCode.Blazor", "AdventOfCode.Blazor\AdventOfCode.Blazor.csproj", "{E77C295D-A4AD-4ECD-9F71-7304686250F3}"
EndProject
Project("{FAE04EC0-301F-11D3-BF4B-00C04F79EFBC}") = "AdventOfCode.Lib", "AdventOfCode.Lib\AdventOfCode.Lib.csproj", "{F160BCBC-19A7-41B9-A01A-BBAF485CD760}"
EndProject
Project("{FAE04EC0-301F-11D3-BF4B-00C04F79EFBC}") = "AdventOfCode.Lib.Tests", "AdventOfCode.Lib.Test\AdventOfCode.Lib.Tests.csproj", "{9A4AB54F-9811-4E25-A2A3-331942F9EDF1}"
EndProject
Project("{FAE04EC0-301F-11D3-BF4B-00C04F79EFBC}") = "AdventOfCode.Solvers", "AdventOfCode.Solvers\AdventOfCode.Solvers.csproj", "{0CCA1226-3AC8-45B7-961D-AF4FF2246F95}"
EndProject
Project("{FAE04EC0-301F-11D3-BF4B-00C04F79EFBC}") = "AdventOfCode.Solvers.Tests", "AdventOfCode.Solvers.Tests\AdventOfCode.Solvers.Tests.csproj", "{D5A051E9-1D7F-4D6A-AD82-ABCB83A4D610}"
EndProject
Project("{FAE04EC0-301F-11D3-BF4B-00C04F79EFBC}") = "AdventOfCode.Blazor.Test", "AdventOfCode.Blazor.Test\AdventOfCode.Blazor.Test.csproj", "{AD78F58C-5F1D-477C-8128-73FDF476CEC8}"
EndProject
Global
	GlobalSection(SolutionConfigurationPlatforms) = preSolution
		Debug|Any CPU = Debug|Any CPU
		Debug|x64 = Debug|x64
		Debug|x86 = Debug|x86
		Release|Any CPU = Release|Any CPU
		Release|x64 = Release|x64
		Release|x86 = Release|x86
	EndGlobalSection
	GlobalSection(ProjectConfigurationPlatforms) = postSolution
		{B95B438F-2C5B-4DD0-9BDD-0259F678B66B}.Debug|Any CPU.ActiveCfg = Debug|Any CPU
		{B95B438F-2C5B-4DD0-9BDD-0259F678B66B}.Debug|Any CPU.Build.0 = Debug|Any CPU
		{B95B438F-2C5B-4DD0-9BDD-0259F678B66B}.Debug|x64.ActiveCfg = Debug|Any CPU
		{B95B438F-2C5B-4DD0-9BDD-0259F678B66B}.Debug|x64.Build.0 = Debug|Any CPU
		{B95B438F-2C5B-4DD0-9BDD-0259F678B66B}.Debug|x86.ActiveCfg = Debug|Any CPU
		{B95B438F-2C5B-4DD0-9BDD-0259F678B66B}.Debug|x86.Build.0 = Debug|Any CPU
		{B95B438F-2C5B-4DD0-9BDD-0259F678B66B}.Release|Any CPU.ActiveCfg = Release|Any CPU
		{B95B438F-2C5B-4DD0-9BDD-0259F678B66B}.Release|Any CPU.Build.0 = Release|Any CPU
		{B95B438F-2C5B-4DD0-9BDD-0259F678B66B}.Release|x64.ActiveCfg = Release|Any CPU
		{B95B438F-2C5B-4DD0-9BDD-0259F678B66B}.Release|x64.Build.0 = Release|Any CPU
		{B95B438F-2C5B-4DD0-9BDD-0259F678B66B}.Release|x86.ActiveCfg = Release|Any CPU
		{B95B438F-2C5B-4DD0-9BDD-0259F678B66B}.Release|x86.Build.0 = Release|Any CPU
		{E77C295D-A4AD-4ECD-9F71-7304686250F3}.Debug|Any CPU.ActiveCfg = Debug|Any CPU
		{E77C295D-A4AD-4ECD-9F71-7304686250F3}.Debug|Any CPU.Build.0 = Debug|Any CPU
		{E77C295D-A4AD-4ECD-9F71-7304686250F3}.Debug|x64.ActiveCfg = Debug|Any CPU
		{E77C295D-A4AD-4ECD-9F71-7304686250F3}.Debug|x64.Build.0 = Debug|Any CPU
		{E77C295D-A4AD-4ECD-9F71-7304686250F3}.Debug|x86.ActiveCfg = Debug|Any CPU
		{E77C295D-A4AD-4ECD-9F71-7304686250F3}.Debug|x86.Build.0 = Debug|Any CPU
		{E77C295D-A4AD-4ECD-9F71-7304686250F3}.Release|Any CPU.ActiveCfg = Release|Any CPU
		{E77C295D-A4AD-4ECD-9F71-7304686250F3}.Release|Any CPU.Build.0 = Release|Any CPU
		{E77C295D-A4AD-4ECD-9F71-7304686250F3}.Release|x64.ActiveCfg = Release|Any CPU
		{E77C295D-A4AD-4ECD-9F71-7304686250F3}.Release|x64.Build.0 = Release|Any CPU
		{E77C295D-A4AD-4ECD-9F71-7304686250F3}.Release|x86.ActiveCfg = Release|Any CPU
		{E77C295D-A4AD-4ECD-9F71-7304686250F3}.Release|x86.Build.0 = Release|Any CPU
		{F160BCBC-19A7-41B9-A01A-BBAF485CD760}.Debug|Any CPU.ActiveCfg = Debug|Any CPU
		{F160BCBC-19A7-41B9-A01A-BBAF485CD760}.Debug|Any CPU.Build.0 = Debug|Any CPU
		{F160BCBC-19A7-41B9-A01A-BBAF485CD760}.Debug|x64.ActiveCfg = Debug|Any CPU
		{F160BCBC-19A7-41B9-A01A-BBAF485CD760}.Debug|x64.Build.0 = Debug|Any CPU
		{F160BCBC-19A7-41B9-A01A-BBAF485CD760}.Debug|x86.ActiveCfg = Debug|Any CPU
		{F160BCBC-19A7-41B9-A01A-BBAF485CD760}.Debug|x86.Build.0 = Debug|Any CPU
		{F160BCBC-19A7-41B9-A01A-BBAF485CD760}.Release|Any CPU.ActiveCfg = Release|Any CPU
		{F160BCBC-19A7-41B9-A01A-BBAF485CD760}.Release|Any CPU.Build.0 = Release|Any CPU
		{F160BCBC-19A7-41B9-A01A-BBAF485CD760}.Release|x64.ActiveCfg = Release|Any CPU
		{F160BCBC-19A7-41B9-A01A-BBAF485CD760}.Release|x64.Build.0 = Release|Any CPU
		{F160BCBC-19A7-41B9-A01A-BBAF485CD760}.Release|x86.ActiveCfg = Release|Any CPU
		{F160BCBC-19A7-41B9-A01A-BBAF485CD760}.Release|x86.Build.0 = Release|Any CPU
		{9A4AB54F-9811-4E25-A2A3-331942F9EDF1}.Debug|Any CPU.ActiveCfg = Debug|Any CPU
		{9A4AB54F-9811-4E25-A2A3-331942F9EDF1}.Debug|Any CPU.Build.0 = Debug|Any CPU
		{9A4AB54F-9811-4E25-A2A3-331942F9EDF1}.Debug|x64.ActiveCfg = Debug|Any CPU
		{9A4AB54F-9811-4E25-A2A3-331942F9EDF1}.Debug|x64.Build.0 = Debug|Any CPU
		{9A4AB54F-9811-4E25-A2A3-331942F9EDF1}.Debug|x86.ActiveCfg = Debug|Any CPU
		{9A4AB54F-9811-4E25-A2A3-331942F9EDF1}.Debug|x86.Build.0 = Debug|Any CPU
		{9A4AB54F-9811-4E25-A2A3-331942F9EDF1}.Release|Any CPU.ActiveCfg = Release|Any CPU
		{9A4AB54F-9811-4E25-A2A3-331942F9EDF1}.Release|Any CPU.Build.0 = Release|Any CPU
		{9A4AB54F-9811-4E25-A2A3-331942F9EDF1}.Release|x64.ActiveCfg = Release|Any CPU
		{9A4AB54F-9811-4E25-A2A3-331942F9EDF1}.Release|x64.Build.0 = Release|Any CPU
		{9A4AB54F-9811-4E25-A2A3-331942F9EDF1}.Release|x86.ActiveCfg = Release|Any CPU
		{9A4AB54F-9811-4E25-A2A3-331942F9EDF1}.Release|x86.Build.0 = Release|Any CPU
		{0CCA1226-3AC8-45B7-961D-AF4FF2246F95}.Debug|Any CPU.ActiveCfg = Debug|Any CPU
		{0CCA1226-3AC8-45B7-961D-AF4FF2246F95}.Debug|Any CPU.Build.0 = Debug|Any CPU
		{0CCA1226-3AC8-45B7-961D-AF4FF2246F95}.Debug|x64.ActiveCfg = Debug|Any CPU
		{0CCA1226-3AC8-45B7-961D-AF4FF2246F95}.Debug|x64.Build.0 = Debug|Any CPU
		{0CCA1226-3AC8-45B7-961D-AF4FF2246F95}.Debug|x86.ActiveCfg = Debug|Any CPU
		{0CCA1226-3AC8-45B7-961D-AF4FF2246F95}.Debug|x86.Build.0 = Debug|Any CPU
		{0CCA1226-3AC8-45B7-961D-AF4FF2246F95}.Release|Any CPU.ActiveCfg = Release|Any CPU
		{0CCA1226-3AC8-45B7-961D-AF4FF2246F95}.Release|Any CPU.Build.0 = Release|Any CPU
		{0CCA1226-3AC8-45B7-961D-AF4FF2246F95}.Release|x64.ActiveCfg = Release|Any CPU
		{0CCA1226-3AC8-45B7-961D-AF4FF2246F95}.Release|x64.Build.0 = Release|Any CPU
		{0CCA1226-3AC8-45B7-961D-AF4FF2246F95}.Release|x86.ActiveCfg = Release|Any CPU
		{0CCA1226-3AC8-45B7-961D-AF4FF2246F95}.Release|x86.Build.0 = Release|Any CPU
		{D5A051E9-1D7F-4D6A-AD82-ABCB83A4D610}.Debug|Any CPU.ActiveCfg = Debug|Any CPU
		{D5A051E9-1D7F-4D6A-AD82-ABCB83A4D610}.Debug|Any CPU.Build.0 = Debug|Any CPU
		{D5A051E9-1D7F-4D6A-AD82-ABCB83A4D610}.Debug|x64.ActiveCfg = Debug|Any CPU
		{D5A051E9-1D7F-4D6A-AD82-ABCB83A4D610}.Debug|x64.Build.0 = Debug|Any CPU
		{D5A051E9-1D7F-4D6A-AD82-ABCB83A4D610}.Debug|x86.ActiveCfg = Debug|Any CPU
		{D5A051E9-1D7F-4D6A-AD82-ABCB83A4D610}.Debug|x86.Build.0 = Debug|Any CPU
		{D5A051E9-1D7F-4D6A-AD82-ABCB83A4D610}.Release|Any CPU.ActiveCfg = Release|Any CPU
		{D5A051E9-1D7F-4D6A-AD82-ABCB83A4D610}.Release|Any CPU.Build.0 = Release|Any CPU
		{D5A051E9-1D7F-4D6A-AD82-ABCB83A4D610}.Release|x64.ActiveCfg = Release|Any CPU
		{D5A051E9-1D7F-4D6A-AD82-ABCB83A4D610}.Release|x64.Build.0 = Release|Any CPU
		{D5A051E9-1D7F-4D6A-AD82-ABCB83A4D610}.Release|x86.ActiveCfg = Release|Any CPU
		{D5A051E9-1D7F-4D6A-AD82-ABCB83A4D610}.Release|x86.Build.0 = Release|Any CPU
		{AD78F58C-5F1D-477C-8128-73FDF476CEC8}.Debug|Any CPU.ActiveCfg = Debug|Any CPU
		{AD78F58C-5F1D-477C-8128-73FDF476CEC8}.Debug|Any CPU.Build.0 = Debug|Any CPU
		{AD78F58C-5F1D-477C-8128-73FDF476CEC8}.Debug|x64.ActiveCfg = Debug|Any CPU
		{AD78F58C-5F1D-477C-8128-73FDF476CEC8}.Debug|x64.Build.0 = Debug|Any CPU
		{AD78F58C-5F1D-477C-8128-73FDF476CEC8}.Debug|x86.ActiveCfg = Debug|Any CPU
		{AD78F58C-5F1D-477C-8128-73FDF476CEC8}.Debug|x86.Build.0 = Debug|Any CPU
		{AD78F58C-5F1D-477C-8128-73FDF476CEC8}.Release|Any CPU.ActiveCfg = Release|Any CPU
		{AD78F58C-5F1D-477C-8128-73FDF476CEC8}.Release|Any CPU.Build.0 = Release|Any CPU
		{AD78F58C-5F1D-477C-8128-73FDF476CEC8}.Release|x64.ActiveCfg = Release|Any CPU
		{AD78F58C-5F1D-477C-8128-73FDF476CEC8}.Release|x64.Build.0 = Release|Any CPU
		{AD78F58C-5F1D-477C-8128-73FDF476CEC8}.Release|x86.ActiveCfg = Release|Any CPU
		{AD78F58C-5F1D-477C-8128-73FDF476CEC8}.Release|x86.Build.0 = Release|Any CPU
	EndGlobalSection
	GlobalSection(SolutionProperties) = preSolution
		HideSolutionNode = FALSE
	EndGlobalSection
	GlobalSection(ExtensibilityGlobals) = postSolution
		SolutionGuid = {8EA30057-3FB4-442C-8139-F4884F133C1B}
	EndGlobalSection
EndGlobal
